
Microsoft Visual Studio Solution File, Format Version 12.00
# Visual Studio Version 17
VisualStudioVersion = 17.0.32014.148
MinimumVisualStudioVersion = 10.0.40219.1
Project("{9A19103F-16F7-4668-BE54-9A1E7A4F7556}") = "PlatformerRemaster", "PlatformerRemaster.csproj", "{93C2451B-E6A1-467A-94CB-3FBBC4EB0181}"
EndProject
Global
	GlobalSection(SolutionConfigurationPlatforms) = preSolution
		Debug|Any CPU = Debug|Any CPU
		Release|Any CPU = Release|Any CPU
	EndGlobalSection
	GlobalSection(ProjectConfigurationPlatforms) = postSolution
		{93C2451B-E6A1-467A-94CB-3FBBC4EB0181}.Debug|Any CPU.ActiveCfg = Debug|Any CPU
		{93C2451B-E6A1-467A-94CB-3FBBC4EB0181}.Debug|Any CPU.Build.0 = Debug|Any CPU
		{93C2451B-E6A1-467A-94CB-3FBBC4EB0181}.Release|Any CPU.ActiveCfg = Release|Any CPU
		{93C2451B-E6A1-467A-94CB-3FBBC4EB0181}.Release|Any CPU.Build.0 = Release|Any CPU
	EndGlobalSection
	GlobalSection(SolutionProperties) = preSolution
		HideSolutionNode = FALSE
	EndGlobalSection
	GlobalSection(ExtensibilityGlobals) = postSolution
		SolutionGuid = {E22D2B53-437B-4EA3-8A95-1B25B5FAF37C}
	EndGlobalSection
EndGlobal
